PODS:
  - AutoData (0.1.6):
    - AutoModel
    - NFANetwork
    - NFASQLiteDB
    - NFAToolkit
  - AutoModel (0.1.4)
  - NFANetwork (0.0.8)
  - NFASQLiteDB (0.0.2)
  - NFAToolkit (0.1.1)

DEPENDENCIES:
  - AutoData (from `../`)
  - AutoModel
  - NFANetwork
  - NFASQLiteDB
  - NFAToolkit

SPEC REPOS:
  https://github.com/CocoaPods/Specs.git:
    - AutoModel
    - NFANetwork
    - NFASQLiteDB
    - NFAToolkit

EXTERNAL SOURCES:
  AutoData:
    :path: "../"

SPEC CHECKSUMS:
  AutoData: ab912eb7767fb742c4dcaeb77180e5429a0b6a31
  AutoModel: cbd219be08706a516db246fa3937d3209221637c
  NFANetwork: e35e23dabcd371e57ea9b09330f139a88ed42cc7
  NFASQLiteDB: 7f764cd43889ee06bbaf3d79d4fbb1a575eebfd0
  NFAToolkit: 71585955a80b8d7b820939e6e256ace92c998120

PODFILE CHECKSUM: a5c98363b3539110a46913a713bce53a608fe204

COCOAPODS: 1.9.3
