PODS:
  - AutoData (0.1.2):
    - AutoModel
    - NFANetwork
    - NFASQLiteDB
    - NFAToolkit
  - AutoModel (0.1.3)
  - FBSnapshotTestCase (2.1.4):
    - FBSnapshotTestCase/SwiftSupport (= 2.1.4)
  - FBSnapshotTestCase/Core (2.1.4)
  - FBSnapshotTestCase/SwiftSupport (2.1.4):
    - FBSnapshotTestCase/Core
  - NFANetwork (0.0.7)
  - NFASQLiteDB (0.0.1)
  - NFAToolkit (0.1.0)
  - Nimble (7.3.4)
  - Nimble-Snapshots (6.3.0):
    - Nimble-Snapshots/Core (= 6.3.0)
  - Nimble-Snapshots/Core (6.3.0):
    - FBSnapshotTestCase (~> 2.0)
    - Nimble (~> 7.0)
  - Quick (1.2.0)

DEPENDENCIES:
  - AutoData (from `../`)
  - AutoModel
  - FBSnapshotTestCase (~> 2.1.4)
  - NFANetwork
  - NFASQLiteDB
  - NFAToolkit
  - Nimble (~> 7.0)
  - Nimble-Snapshots (~> 6.3.0)
  - Quick (~> 1.2.0)

SPEC REPOS:
  https://github.com/CocoaPods/Specs.git:
    - AutoModel
    - FBSnapshotTestCase
    - NFANetwork
    - NFASQLiteDB
    - NFAToolkit
    - Nimble
    - Nimble-Snapshots
    - Quick

EXTERNAL SOURCES:
  AutoData:
    :path: "../"

SPEC CHECKSUMS:
  AutoData: 1d489ea92fdc7d3fc1b408cfc40e4795e6889266
  AutoModel: ddcef3af864acae75788f1e33f2c8b36dbbaf667
  FBSnapshotTestCase: 094f9f314decbabe373b87cc339bea235a63e07a
  NFANetwork: 353ebc5cceb5f59d6147aee02a93ae97a754f965
  NFASQLiteDB: cd375370d3c3549c1df2323dc4008678fb869d3d
  NFAToolkit: 2c93eb466a8cbcfb160cc693c3706c587c7522e7
  Nimble: 051e3d8912d40138fa5591c78594f95fb172af37
  Nimble-Snapshots: f5459b5b091678dc942d03ec4741cacb58ba4a52
  Quick: 58d203b1c5e27fff7229c4c1ae445ad7069a7a08

PODFILE CHECKSUM: 923246abf3711f8f292afbb6229ac27c5158a738

COCOAPODS: 1.9.1
